// !$*UTF8*$!
{
	archiveVersion = 1;
	classes = {
	};
	objectVersion = 56;
	objects = {

/* Begin PBXBuildFile section */
		CC067A7F2BDE342500DB51B2 /* TrackingViewController.swift in Sources */ = {isa = PBXBuildFile; fileRef = CC067A7E2BDE342500DB51B2 /* TrackingViewController.swift */; };
		CCCD2A222BDC3A270036D9DA /* AppDelegate.swift in Sources */ = {isa = PBXBuildFile; fileRef = CCCD2A212BDC3A270036D9DA /* AppDelegate.swift */; };
		CCCD2A242BDC3A270036D9DA /* SceneDelegate.swift in Sources */ = {isa = PBXBuildFile; fileRef = CCCD2A232BDC3A270036D9DA /* SceneDelegate.swift */; };
		CCCD2A292BDC3A270036D9DA /* Base in Resources */ = {isa = PBXBuildFile; fileRef = CCCD2A282BDC3A270036D9DA /* Base */; };
		CCCD2A2B2BDC3A280036D9DA /* Assets.xcassets in Resources */ = {isa = PBXBuildFile; fileRef = CCCD2A2A2BDC3A280036D9DA /* Assets.xcassets */; };
		CCCD2A2E2BDC3A280036D9DA /* Base in Resources */ = {isa = PBXBuildFile; fileRef = CCCD2A2D2BDC3A280036D9DA /* Base */; };
		CCCD2A362BDC3A5B0036D9DA /* LoginViewController.swift in Sources */ = {isa = PBXBuildFile; fileRef = CCCD2A352BDC3A5B0036D9DA /* LoginViewController.swift */; };
		CCCD2A3B2BDC40A00036D9DA /* GoogleService-Info.plist in Resources */ = {isa = PBXBuildFile; fileRef = CCCD2A3A2BDC40A00036D9DA /* GoogleService-Info.plist */; };
		CCD2E9C22BDF4742006C1615 /* FirebaseAuth in Frameworks */ = {isa = PBXBuildFile; productRef = CCD2E9C12BDF4742006C1615 /* FirebaseAuth */; };
		CCD2E9C42BDF4742006C1615 /* FirebaseFirestore in Frameworks */ = {isa = PBXBuildFile; productRef = CCD2E9C32BDF4742006C1615 /* FirebaseFirestore */; };
		CCD2E9DE2BE0DF8A006C1615 /* FirebaseFirestoreSwift in Frameworks */ = {isa = PBXBuildFile; productRef = CCD2E9DD2BE0DF8A006C1615 /* FirebaseFirestoreSwift */; };
		CCD2E9E02BE1A79E006C1615 /* InventoryViewController.swift in Sources */ = {isa = PBXBuildFile; fileRef = CCD2E9DF2BE1A79E006C1615 /* InventoryViewController.swift */; };
		CCD927982BEC9CF300B6822D /* Tab1ViewController.swift in Sources */ = {isa = PBXBuildFile; fileRef = CCD927972BEC9CF300B6822D /* Tab1ViewController.swift */; };
		CCD9279A2BECA24A00B6822D /* EditableTableViewCell.swift in Sources */ = {isa = PBXBuildFile; fileRef = CCD927992BECA24A00B6822D /* EditableTableViewCell.swift */; };
		CCD9279C2BECAA8800B6822D /* Item.swift in Sources */ = {isa = PBXBuildFile; fileRef = CCD9279B2BECAA8800B6822D /* Item.swift */; };
		CCD927A22BEDE3F500B6822D /* Tab2ViewController.swift in Sources */ = {isa = PBXBuildFile; fileRef = CCD927A12BEDE3F500B6822D /* Tab2ViewController.swift */; };
		CCD927A42BEDE41300B6822D /* Tab3ViewController.swift in Sources */ = {isa = PBXBuildFile; fileRef = CCD927A32BEDE41300B6822D /* Tab3ViewController.swift */; };
		CCD927A62BEDE7A600B6822D /* EditableCellDelegate.swift in Sources */ = {isa = PBXBuildFile; fileRef = CCD927A52BEDE7A600B6822D /* EditableCellDelegate.swift */; };
/* End PBXBuildFile section */

/* Begin PBXFileReference section */
		CC067A7E2BDE342500DB51B2 /* TrackingViewController.swift */ = {isa = PBXFileReference; lastKnownFileType = sourcecode.swift; path = TrackingViewController.swift; sourceTree = "<group>"; };
		CCCD2A1E2BDC3A270036D9DA /* WasteTrackr.app */ = {isa = PBXFileReference; explicitFileType = wrapper.application; includeInIndex = 0; path = WasteTrackr.app; sourceTree = BUILT_PRODUCTS_DIR; };
		CCCD2A212BDC3A270036D9DA /* AppDelegate.swift */ = {isa = PBXFileReference; lastKnownFileType = sourcecode.swift; path = AppDelegate.swift; sourceTree = "<group>"; };
		CCCD2A232BDC3A270036D9DA /* SceneDelegate.swift */ = {isa = PBXFileReference; lastKnownFileType = sourcecode.swift; path = SceneDelegate.swift; sourceTree = "<group>"; };
		CCCD2A282BDC3A270036D9DA /* Base */ = {isa = PBXFileReference; lastKnownFileType = file.storyboard; name = Base; path = Base.lproj/Main.storyboard; sourceTree = "<group>"; };
		CCCD2A2A2BDC3A280036D9DA /* Assets.xcassets */ = {isa = PBXFileReference; lastKnownFileType = folder.assetcatalog; path = Assets.xcassets; sourceTree = "<group>"; };
		CCCD2A2D2BDC3A280036D9DA /* Base */ = {isa = PBXFileReference; lastKnownFileType = file.storyboard; name = Base; path = Base.lproj/LaunchScreen.storyboard; sourceTree = "<group>"; };
		CCCD2A2F2BDC3A280036D9DA /* Info.plist */ = {isa = PBXFileReference; lastKnownFileType = text.plist.xml; path = Info.plist; sourceTree = "<group>"; };
		CCCD2A352BDC3A5B0036D9DA /* LoginViewController.swift */ = {isa = PBXFileReference; lastKnownFileType = sourcecode.swift; path = LoginViewController.swift; sourceTree = "<group>"; };
		CCCD2A3A2BDC40A00036D9DA /* GoogleService-Info.plist */ = {isa = PBXFileReference; fileEncoding = 4; lastKnownFileType = text.plist.xml; path = "GoogleService-Info.plist"; sourceTree = "<group>"; };
		CCD2E9DF2BE1A79E006C1615 /* InventoryViewController.swift */ = {isa = PBXFileReference; lastKnownFileType = sourcecode.swift; path = InventoryViewController.swift; sourceTree = "<group>"; };
		CCD927972BEC9CF300B6822D /* Tab1ViewController.swift */ = {isa = PBXFileReference; lastKnownFileType = sourcecode.swift; path = Tab1ViewController.swift; sourceTree = "<group>"; };
		CCD927992BECA24A00B6822D /* EditableTableViewCell.swift */ = {isa = PBXFileReference; lastKnownFileType = sourcecode.swift; path = EditableTableViewCell.swift; sourceTree = "<group>"; };
		CCD9279B2BECAA8800B6822D /* Item.swift */ = {isa = PBXFileReference; lastKnownFileType = sourcecode.swift; path = Item.swift; sourceTree = "<group>"; };
		CCD927A12BEDE3F500B6822D /* Tab2ViewController.swift */ = {isa = PBXFileReference; lastKnownFileType = sourcecode.swift; path = Tab2ViewController.swift; sourceTree = "<group>"; };
		CCD927A32BEDE41300B6822D /* Tab3ViewController.swift */ = {isa = PBXFileReference; lastKnownFileType = sourcecode.swift; path = Tab3ViewController.swift; sourceTree = "<group>"; };
		CCD927A52BEDE7A600B6822D /* EditableCellDelegate.swift */ = {isa = PBXFileReference; lastKnownFileType = sourcecode.swift; path = EditableCellDelegate.swift; sourceTree = "<group>"; };
/* End PBXFileReference section */

/* Begin PBXFrameworksBuildPhase section */
		CCCD2A1B2BDC3A270036D9DA /* Frameworks */ = {
			isa = PBXFrameworksBuildPhase;
			buildActionMask = 2147483647;
			files = (
				CCD2E9C22BDF4742006C1615 /* FirebaseAuth in Frameworks */,
				CCD2E9C42BDF4742006C1615 /* FirebaseFirestore in Frameworks */,
				CCD2E9DE2BE0DF8A006C1615 /* FirebaseFirestoreSwift in Frameworks */,
			);
			runOnlyForDeploymentPostprocessing = 0;
		};
/* End PBXFrameworksBuildPhase section */

/* Begin PBXGroup section */
		CCCD2A152BDC3A270036D9DA = {
			isa = PBXGroup;
			children = (
				CCCD2A202BDC3A270036D9DA /* WasteTrackr */,
				CCCD2A1F2BDC3A270036D9DA /* Products */,
			);
			sourceTree = "<group>";
		};
		CCCD2A1F2BDC3A270036D9DA /* Products */ = {
			isa = PBXGroup;
			children = (
				CCCD2A1E2BDC3A270036D9DA /* WasteTrackr.app */,
			);
			name = Products;
			sourceTree = "<group>";
		};
		CCCD2A202BDC3A270036D9DA /* WasteTrackr */ = {
			isa = PBXGroup;
			children = (
				CCCD2A212BDC3A270036D9DA /* AppDelegate.swift */,
				CCCD2A232BDC3A270036D9DA /* SceneDelegate.swift */,
				CCCD2A272BDC3A270036D9DA /* Main.storyboard */,
				CCD2E9DF2BE1A79E006C1615 /* InventoryViewController.swift */,
				CCD927972BEC9CF300B6822D /* Tab1ViewController.swift */,
				CCD927A12BEDE3F500B6822D /* Tab2ViewController.swift */,
				CCD927A32BEDE41300B6822D /* Tab3ViewController.swift */,
				CCD9279B2BECAA8800B6822D /* Item.swift */,
				CCD927992BECA24A00B6822D /* EditableTableViewCell.swift */,
				CCD927A52BEDE7A600B6822D /* EditableCellDelegate.swift */,
				CC067A7E2BDE342500DB51B2 /* TrackingViewController.swift */,
				CCCD2A352BDC3A5B0036D9DA /* LoginViewController.swift */,
				CCCD2A2A2BDC3A280036D9DA /* Assets.xcassets */,
				CCCD2A2C2BDC3A280036D9DA /* LaunchScreen.storyboard */,
				CCCD2A2F2BDC3A280036D9DA /* Info.plist */,
				CCCD2A3A2BDC40A00036D9DA /* GoogleService-Info.plist */,
			);
			path = WasteTrackr;
			sourceTree = "<group>";
		};
/* End PBXGroup section */

/* Begin PBXNativeTarget section */
		CCCD2A1D2BDC3A270036D9DA /* WasteTrackr */ = {
			isa = PBXNativeTarget;
			buildConfigurationList = CCCD2A322BDC3A280036D9DA /* Build configuration list for PBXNativeTarget "WasteTrackr" */;
			buildPhases = (
				CCCD2A1A2BDC3A270036D9DA /* Sources */,
				CCCD2A1B2BDC3A270036D9DA /* Frameworks */,
				CCCD2A1C2BDC3A270036D9DA /* Resources */,
			);
			buildRules = (
			);
			dependencies = (
			);
			name = WasteTrackr;
			packageProductDependencies = (
				CCD2E9C12BDF4742006C1615 /* FirebaseAuth */,
				CCD2E9C32BDF4742006C1615 /* FirebaseFirestore */,
				CCD2E9DD2BE0DF8A006C1615 /* FirebaseFirestoreSwift */,
			);
			productName = WasteTrackr;
			productReference = CCCD2A1E2BDC3A270036D9DA /* WasteTrackr.app */;
			productType = "com.apple.product-type.application";
		};
/* End PBXNativeTarget section */

/* Begin PBXProject section */
		CCCD2A162BDC3A270036D9DA /* Project object */ = {
			isa = PBXProject;
			attributes = {
				BuildIndependentTargetsInParallel = 1;
				LastSwiftUpdateCheck = 1530;
				LastUpgradeCheck = 1530;
				TargetAttributes = {
					CCCD2A1D2BDC3A270036D9DA = {
						CreatedOnToolsVersion = 15.3;
					};
				};
			};
			buildConfigurationList = CCCD2A192BDC3A270036D9DA /* Build configuration list for PBXProject "WasteTrackr" */;
			compatibilityVersion = "Xcode 14.0";
			developmentRegion = en;
			hasScannedForEncodings = 0;
			knownRegions = (
				en,
				Base,
			);
			mainGroup = CCCD2A152BDC3A270036D9DA;
			packageReferences = (
				CCCD2A3C2BDC87A20036D9DA /* XCRemoteSwiftPackageReference "firebase-ios-sdk" */,
			);
			productRefGroup = CCCD2A1F2BDC3A270036D9DA /* Products */;
			projectDirPath = "";
			projectRoot = "";
			targets = (
				CCCD2A1D2BDC3A270036D9DA /* WasteTrackr */,
			);
		};
/* End PBXProject section */

/* Begin PBXResourcesBuildPhase section */
		CCCD2A1C2BDC3A270036D9DA /* Resources */ = {
			isa = PBXResourcesBuildPhase;
			buildActionMask = 2147483647;
			files = (
				CCCD2A2B2BDC3A280036D9DA /* Assets.xcassets in Resources */,
				CCCD2A3B2BDC40A00036D9DA /* GoogleService-Info.plist in Resources */,
				CCCD2A2E2BDC3A280036D9DA /* Base in Resources */,
				CCCD2A292BDC3A270036D9DA /* Base in Resources */,
			);
			runOnlyForDeploymentPostprocessing = 0;
		};
/* End PBXResourcesBuildPhase section */

/* Begin PBXSourcesBuildPhase section */
		CCCD2A1A2BDC3A270036D9DA /* Sources */ = {
			isa = PBXSourcesBuildPhase;
			buildActionMask = 2147483647;
			files = (
				CCCD2A362BDC3A5B0036D9DA /* LoginViewController.swift in Sources */,
				CCD2E9E02BE1A79E006C1615 /* InventoryViewController.swift in Sources */,
				CCD927A62BEDE7A600B6822D /* EditableCellDelegate.swift in Sources */,
				CCD927A42BEDE41300B6822D /* Tab3ViewController.swift in Sources */,
				CCD927A22BEDE3F500B6822D /* Tab2ViewController.swift in Sources */,
				CCD9279A2BECA24A00B6822D /* EditableTableViewCell.swift in Sources */,
				CCCD2A222BDC3A270036D9DA /* AppDelegate.swift in Sources */,
				CCD9279C2BECAA8800B6822D /* Item.swift in Sources */,
				CC067A7F2BDE342500DB51B2 /* TrackingViewController.swift in Sources */,
				CCD927982BEC9CF300B6822D /* Tab1ViewController.swift in Sources */,
				CCCD2A242BDC3A270036D9DA /* SceneDelegate.swift in Sources */,
			);
			runOnlyForDeploymentPostprocessing = 0;
		};
/* End PBXSourcesBuildPhase section */

/* Begin PBXVariantGroup section */
		CCCD2A272BDC3A270036D9DA /* Main.storyboard */ = {
			isa = PBXVariantGroup;
			children = (
				CCCD2A282BDC3A270036D9DA /* Base */,
			);
			name = Main.storyboard;
			sourceTree = "<group>";
		};
		CCCD2A2C2BDC3A280036D9DA /* LaunchScreen.storyboard */ = {
			isa = PBXVariantGroup;
			children = (
				CCCD2A2D2BDC3A280036D9DA /* Base */,
			);
			name = LaunchScreen.storyboard;
			sourceTree = "<group>";
		};
/* End PBXVariantGroup section */

/* Begin XCBuildConfiguration section */
		CCCD2A302BDC3A280036D9DA /* Debug */ = {
			isa = XCBuildConfiguration;
			buildSettings = {
				ALWAYS_SEARCH_USER_PATHS = NO;
				ASSETCATALOG_COMPILER_GENERATE_SWIFT_ASSET_SYMBOL_EXTENSIONS = YES;
				CLANG_ANALYZER_NONNULL = YES;
				CLANG_ANALYZER_NUMBER_OBJECT_CONVERSION = YES_AGGRESSIVE;
				CLANG_CXX_LANGUAGE_STANDARD = "gnu++20";
				CLANG_ENABLE_MODULES = YES;
				CLANG_ENABLE_OBJC_ARC = YES;
				CLANG_ENABLE_OBJC_WEAK = YES;
				CLANG_WARN_BLOCK_CAPTURE_AUTORELEASING = YES;
				CLANG_WARN_BOOL_CONVERSION = YES;
				CLANG_WARN_COMMA = YES;
				CLANG_WARN_CONSTANT_CONVERSION = YES;
				CLANG_WARN_DEPRECATED_OBJC_IMPLEMENTATIONS = YES;
				CLANG_WARN_DIRECT_OBJC_ISA_USAGE = YES_ERROR;
				CLANG_WARN_DOCUMENTATION_COMMENTS = YES;
				CLANG_WARN_EMPTY_BODY = YES;
				CLANG_WARN_ENUM_CONVERSION = YES;
				CLANG_WARN_INFINITE_RECURSION = YES;
				CLANG_WARN_INT_CONVERSION = YES;
				CLANG_WARN_NON_LITERAL_NULL_CONVERSION = YES;
				CLANG_WARN_OBJC_IMPLICIT_RETAIN_SELF = YES;
				CLANG_WARN_OBJC_LITERAL_CONVERSION = YES;
				CLANG_WARN_OBJC_ROOT_CLASS = YES_ERROR;
				CLANG_WARN_QUOTED_INCLUDE_IN_FRAMEWORK_HEADER = YES;
				CLANG_WARN_RANGE_LOOP_ANALYSIS = YES;
				CLANG_WARN_STRICT_PROTOTYPES = YES;
				CLANG_WARN_SUSPICIOUS_MOVE = YES;
				CLANG_WARN_UNGUARDED_AVAILABILITY = YES_AGGRESSIVE;
				CLANG_WARN_UNREACHABLE_CODE = YES;
				CLANG_WARN__DUPLICATE_METHOD_MATCH = YES;
				COPY_PHASE_STRIP = NO;
				DEBUG_INFORMATION_FORMAT = dwarf;
				ENABLE_STRICT_OBJC_MSGSEND = YES;
				ENABLE_TESTABILITY = YES;
				ENABLE_USER_SCRIPT_SANDBOXING = YES;
				GCC_C_LANGUAGE_STANDARD = gnu17;
				GCC_DYNAMIC_NO_PIC = NO;
				GCC_NO_COMMON_BLOCKS = YES;
				GCC_OPTIMIZATION_LEVEL = 0;
				GCC_PREPROCESSOR_DEFINITIONS = (
					"DEBUG=1",
					"$(inherited)",
				);
				GCC_WARN_64_TO_32_BIT_CONVERSION = YES;
				GCC_WARN_ABOUT_RETURN_TYPE = YES_ERROR;
				GCC_WARN_UNDECLARED_SELECTOR = YES;
				GCC_WARN_UNINITIALIZED_AUTOS = YES_AGGRESSIVE;
				GCC_WARN_UNUSED_FUNCTION = YES;
				GCC_WARN_UNUSED_VARIABLE = YES;
				IPHONEOS_DEPLOYMENT_TARGET = 15.0;
				LOCALIZATION_PREFERS_STRING_CATALOGS = YES;
				MTL_ENABLE_DEBUG_INFO = INCLUDE_SOURCE;
				MTL_FAST_MATH = YES;
				ONLY_ACTIVE_ARCH = YES;
				SDKROOT = iphoneos;
				SWIFT_ACTIVE_COMPILATION_CONDITIONS = "DEBUG $(inherited)";
				SWIFT_OPTIMIZATION_LEVEL = "-Onone";
			};
			name = Debug;
		};
		CCCD2A312BDC3A280036D9DA /* Release */ = {
			isa = XCBuildConfiguration;
			buildSettings = {
				ALWAYS_SEARCH_USER_PATHS = NO;
				ASSETCATALOG_COMPILER_GENERATE_SWIFT_ASSET_SYMBOL_EXTENSIONS = YES;
				CLANG_ANALYZER_NONNULL = YES;
				CLANG_ANALYZER_NUMBER_OBJECT_CONVERSION = YES_AGGRESSIVE;
				CLANG_CXX_LANGUAGE_STANDARD = "gnu++20";
				CLANG_ENABLE_MODULES = YES;
				CLANG_ENABLE_OBJC_ARC = YES;
				CLANG_ENABLE_OBJC_WEAK = YES;
				CLANG_WARN_BLOCK_CAPTURE_AUTORELEASING = YES;
				CLANG_WARN_BOOL_CONVERSION = YES;
				CLANG_WARN_COMMA = YES;
				CLANG_WARN_CONSTANT_CONVERSION = YES;
				CLANG_WARN_DEPRECATED_OBJC_IMPLEMENTATIONS = YES;
				CLANG_WARN_DIRECT_OBJC_ISA_USAGE = YES_ERROR;
				CLANG_WARN_DOCUMENTATION_COMMENTS = YES;
				CLANG_WARN_EMPTY_BODY = YES;
				CLANG_WARN_ENUM_CONVERSION = YES;
				CLANG_WARN_INFINITE_RECURSION = YES;
				CLANG_WARN_INT_CONVERSION = YES;
				CLANG_WARN_NON_LITERAL_NULL_CONVERSION = YES;
				CLANG_WARN_OBJC_IMPLICIT_RETAIN_SELF = YES;
				CLANG_WARN_OBJC_LITERAL_CONVERSION = YES;
				CLANG_WARN_OBJC_ROOT_CLASS = YES_ERROR;
				CLANG_WARN_QUOTED_INCLUDE_IN_FRAMEWORK_HEADER = YES;
				CLANG_WARN_RANGE_LOOP_ANALYSIS = YES;
				CLANG_WARN_STRICT_PROTOTYPES = YES;
				CLANG_WARN_SUSPICIOUS_MOVE = YES;
				CLANG_WARN_UNGUARDED_AVAILABILITY = YES_AGGRESSIVE;
				CLANG_WARN_UNREACHABLE_CODE = YES;
				CLANG_WARN__DUPLICATE_METHOD_MATCH = YES;
				COPY_PHASE_STRIP = NO;
				DEBUG_INFORMATION_FORMAT = "dwarf-with-dsym";
				ENABLE_NS_ASSERTIONS = NO;
				ENABLE_STRICT_OBJC_MSGSEND = YES;
				ENABLE_USER_SCRIPT_SANDBOXING = YES;
				GCC_C_LANGUAGE_STANDARD = gnu17;
				GCC_NO_COMMON_BLOCKS = YES;
				GCC_WARN_64_TO_32_BIT_CONVERSION = YES;
				GCC_WARN_ABOUT_RETURN_TYPE = YES_ERROR;
				GCC_WARN_UNDECLARED_SELECTOR = YES;
				GCC_WARN_UNINITIALIZED_AUTOS = YES_AGGRESSIVE;
				GCC_WARN_UNUSED_FUNCTION = YES;
				GCC_WARN_UNUSED_VARIABLE = YES;
				IPHONEOS_DEPLOYMENT_TARGET = 15.0;
				LOCALIZATION_PREFERS_STRING_CATALOGS = YES;
				MTL_ENABLE_DEBUG_INFO = NO;
				MTL_FAST_MATH = YES;
				SDKROOT = iphoneos;
				SWIFT_COMPILATION_MODE = wholemodule;
				VALIDATE_PRODUCT = YES;
			};
			name = Release;
		};
		CCCD2A332BDC3A280036D9DA /* Debug */ = {
			isa = XCBuildConfiguration;
			buildSettings = {
				ASSETCATALOG_COMPILER_APPICON_NAME = AppIcon;
				ASSETCATALOG_COMPILER_GLOBAL_ACCENT_COLOR_NAME = AccentColor;
				CODE_SIGN_STYLE = Automatic;
				CURRENT_PROJECT_VERSION = 1;
				DEVELOPMENT_TEAM = 9MS87GW626;
				GENERATE_INFOPLIST_FILE = YES;
				INFOPLIST_FILE = WasteTrackr/Info.plist;
				INFOPLIST_KEY_CFBundleDisplayName = WasteTrackr;
				INFOPLIST_KEY_UIApplicationSupportsIndirectInputEvents = YES;
				INFOPLIST_KEY_UILaunchStoryboardName = LaunchScreen;
				INFOPLIST_KEY_UIMainStoryboardFile = Main;
				INFOPLIST_KEY_UISupportedInterfaceOrientations = UIInterfaceOrientationPortrait;
				INFOPLIST_KEY_UISupportedInterfaceOrientations_iPad = "UIInterfaceOrientationLandscapeLeft UIInterfaceOrientationLandscapeRight UIInterfaceOrientationPortrait UIInterfaceOrientationPortraitUpsideDown";
				IPHONEOS_DEPLOYMENT_TARGET = 15.0;
				LD_RUNPATH_SEARCH_PATHS = (
					"$(inherited)",
					"@executable_path/Frameworks",
				);
				MARKETING_VERSION = 1.0;
				PRODUCT_BUNDLE_IDENTIFIER = piotrjandura.WasteTrackr;
				PRODUCT_NAME = "$(TARGET_NAME)";
				SUPPORTED_PLATFORMS = "iphoneos iphonesimulator";
				SUPPORTS_MACCATALYST = NO;
				SUPPORTS_MAC_DESIGNED_FOR_IPHONE_IPAD = NO;
				SUPPORTS_XR_DESIGNED_FOR_IPHONE_IPAD = NO;
				SWIFT_EMIT_LOC_STRINGS = YES;
				SWIFT_VERSION = 5.0;
				TARGETED_DEVICE_FAMILY = "1,2";
			};
			name = Debug;
		};
		CCCD2A342BDC3A280036D9DA /* Release */ = {
			isa = XCBuildConfiguration;
			buildSettings = {
				ASSETCATALOG_COMPILER_APPICON_NAME = AppIcon;
				ASSETCATALOG_COMPILER_GLOBAL_ACCENT_COLOR_NAME = AccentColor;
				CODE_SIGN_STYLE = Automatic;
				CURRENT_PROJECT_VERSION = 1;
				DEVELOPMENT_TEAM = 9MS87GW626;
				GENERATE_INFOPLIST_FILE = YES;
				INFOPLIST_FILE = WasteTrackr/Info.plist;
				INFOPLIST_KEY_CFBundleDisplayName = WasteTrackr;
				INFOPLIST_KEY_UIApplicationSupportsIndirectInputEvents = YES;
				INFOPLIST_KEY_UILaunchStoryboardName = LaunchScreen;
				INFOPLIST_KEY_UIMainStoryboardFile = Main;
				INFOPLIST_KEY_UISupportedInterfaceOrientations = UIInterfaceOrientationPortrait;
				INFOPLIST_KEY_UISupportedInterfaceOrientations_iPad = "UIInterfaceOrientationLandscapeLeft UIInterfaceOrientationLandscapeRight UIInterfaceOrientationPortrait UIInterfaceOrientationPortraitUpsideDown";
				IPHONEOS_DEPLOYMENT_TARGET = 15.0;
				LD_RUNPATH_SEARCH_PATHS = (
					"$(inherited)",
					"@executable_path/Frameworks",
				);
				MARKETING_VERSION = 1.0;
				PRODUCT_BUNDLE_IDENTIFIER = piotrjandura.WasteTrackr;
				PRODUCT_NAME = "$(TARGET_NAME)";
				SUPPORTED_PLATFORMS = "iphoneos iphonesimulator";
				SUPPORTS_MACCATALYST = NO;
				SUPPORTS_MAC_DESIGNED_FOR_IPHONE_IPAD = NO;
				SUPPORTS_XR_DESIGNED_FOR_IPHONE_IPAD = NO;
				SWIFT_EMIT_LOC_STRINGS = YES;
				SWIFT_VERSION = 5.0;
				TARGETED_DEVICE_FAMILY = "1,2";
			};
			name = Release;
		};
/* End XCBuildConfiguration section */

/* Begin XCConfigurationList section */
		CCCD2A192BDC3A270036D9DA /* Build configuration list for PBXProject "WasteTrackr" */ = {
			isa = XCConfigurationList;
			buildConfigurations = (
				CCCD2A302BDC3A280036D9DA /* Debug */,
				CCCD2A312BDC3A280036D9DA /* Release */,
			);
			defaultConfigurationIsVisible = 0;
			defaultConfigurationName = Release;
		};
		CCCD2A322BDC3A280036D9DA /* Build configuration list for PBXNativeTarget "WasteTrackr" */ = {
			isa = XCConfigurationList;
			buildConfigurations = (
				CCCD2A332BDC3A280036D9DA /* Debug */,
				CCCD2A342BDC3A280036D9DA /* Release */,
			);
			defaultConfigurationIsVisible = 0;
			defaultConfigurationName = Release;
		};
/* End XCConfigurationList section */

/* Begin XCRemoteSwiftPackageReference section */
		CCCD2A3C2BDC87A20036D9DA /* XCRemoteSwiftPackageReference "firebase-ios-sdk" */ = {
			isa = XCRemoteSwiftPackageReference;
			repositoryURL = "https://github.com/firebase/firebase-ios-sdk";
			requirement = {
				kind = upToNextMajorVersion;
				minimumVersion = 10.24.0;
			};
		};
/* End XCRemoteSwiftPackageReference section */

/* Begin XCSwiftPackageProductDependency section */
		CCD2E9C12BDF4742006C1615 /* FirebaseAuth */ = {
			isa = XCSwiftPackageProductDependency;
			package = CCCD2A3C2BDC87A20036D9DA /* XCRemoteSwiftPackageReference "firebase-ios-sdk" */;
			productName = FirebaseAuth;
		};
		CCD2E9C32BDF4742006C1615 /* FirebaseFirestore */ = {
			isa = XCSwiftPackageProductDependency;
			package = CCCD2A3C2BDC87A20036D9DA /* XCRemoteSwiftPackageReference "firebase-ios-sdk" */;
			productName = FirebaseFirestore;
		};
		CCD2E9DD2BE0DF8A006C1615 /* FirebaseFirestoreSwift */ = {
			isa = XCSwiftPackageProductDependency;
			package = CCCD2A3C2BDC87A20036D9DA /* XCRemoteSwiftPackageReference "firebase-ios-sdk" */;
			productName = FirebaseFirestoreSwift;
		};
/* End XCSwiftPackageProductDependency section */
	};
	rootObject = CCCD2A162BDC3A270036D9DA /* Project object */;
}
